// !$*UTF8*$!
{
	archiveVersion = 1;
	classes = {
	};
	objectVersion = 46;
	objects = {

/* Begin PBXBuildFile section */
		7D319E691DF9E5F2008F38A7 /* AppDelegate.swift in Sources */ = {isa = PBXBuildFile; fileRef = 7D319E681DF9E5F2008F38A7 /* AppDelegate.swift */; };
		7D319E6B1DF9E5F2008F38A7 /* ViewController.swift in Sources */ = {isa = PBXBuildFile; fileRef = 7D319E6A1DF9E5F2008F38A7 /* ViewController.swift */; };
		7D319E6E1DF9E5F2008F38A7 /* Main.storyboard in Resources */ = {isa = PBXBuildFile; fileRef = 7D319E6C1DF9E5F2008F38A7 /* Main.storyboard */; };
		7D319E701DF9E5F2008F38A7 /* Assets.xcassets in Resources */ = {isa = PBXBuildFile; fileRef = 7D319E6F1DF9E5F2008F38A7 /* Assets.xcassets */; };
		7D319E731DF9E5F2008F38A7 /* LaunchScreen.storyboard in Resources */ = {isa = PBXBuildFile; fileRef = 7D319E711DF9E5F2008F38A7 /* LaunchScreen.storyboard */; };
		7D319E7E1DF9E691008F38A7 /* ElementsTableViewController.swift in Sources */ = {isa = PBXBuildFile; fileRef = 7D319E7D1DF9E691008F38A7 /* ElementsTableViewController.swift */; };
		7D319E811DF9E785008F38A7 /* APIRequestManager.swift in Sources */ = {isa = PBXBuildFile; fileRef = 7D319E801DF9E785008F38A7 /* APIRequestManager.swift */; };
		7D319E831DF9E78F008F38A7 /* Elements.swift in Sources */ = {isa = PBXBuildFile; fileRef = 7D319E821DF9E78F008F38A7 /* Elements.swift */; };
/* End PBXBuildFile section */

/* Begin PBXFileReference section */
		7D319E651DF9E5F2008F38A7 /* AC3.2-MidtermElements.app */ = {isa = PBXFileReference; explicitFileType = wrapper.application; includeInIndex = 0; path = "AC3.2-MidtermElements.app"; sourceTree = BUILT_PRODUCTS_DIR; };
		7D319E681DF9E5F2008F38A7 /* AppDelegate.swift */ = {isa = PBXFileReference; lastKnownFileType = sourcecode.swift; path = AppDelegate.swift; sourceTree = "<group>"; };
		7D319E6A1DF9E5F2008F38A7 /* ViewController.swift */ = {isa = PBXFileReference; lastKnownFileType = sourcecode.swift; path = ViewController.swift; sourceTree = "<group>"; };
		7D319E6D1DF9E5F2008F38A7 /* Base */ = {isa = PBXFileReference; lastKnownFileType = file.storyboard; name = Base; path = Base.lproj/Main.storyboard; sourceTree = "<group>"; };
		7D319E6F1DF9E5F2008F38A7 /* Assets.xcassets */ = {isa = PBXFileReference; lastKnownFileType = folder.assetcatalog; path = Assets.xcassets; sourceTree = "<group>"; };
		7D319E721DF9E5F2008F38A7 /* Base */ = {isa = PBXFileReference; lastKnownFileType = file.storyboard; name = Base; path = Base.lproj/LaunchScreen.storyboard; sourceTree = "<group>"; };
		7D319E741DF9E5F2008F38A7 /* Info.plist */ = {isa = PBXFileReference; lastKnownFileType = text.plist.xml; path = Info.plist; sourceTree = "<group>"; };
		7D319E7D1DF9E691008F38A7 /* ElementsTableViewController.swift */ = {isa = PBXFileReference; fileEncoding = 4; lastKnownFileType = sourcecode.swift; name = ElementsTableViewController.swift; path = ../ElementsTableViewController.swift; sourceTree = "<group>"; };
		7D319E801DF9E785008F38A7 /* APIRequestManager.swift */ = {isa = PBXFileReference; fileEncoding = 4; lastKnownFileType = sourcecode.swift; path = APIRequestManager.swift; sourceTree = "<group>"; };
		7D319E821DF9E78F008F38A7 /* Elements.swift */ = {isa = PBXFileReference; fileEncoding = 4; lastKnownFileType = sourcecode.swift; path = Elements.swift; sourceTree = "<group>"; };
/* End PBXFileReference section */

/* Begin PBXFrameworksBuildPhase section */
		7D319E621DF9E5F2008F38A7 /* Frameworks */ = {
			isa = PBXFrameworksBuildPhase;
			buildActionMask = 2147483647;
			files = (
			);
			runOnlyForDeploymentPostprocessing = 0;
		};
/* End PBXFrameworksBuildPhase section */

/* Begin PBXGroup section */
		7D319E5C1DF9E5F1008F38A7 = {
			isa = PBXGroup;
			children = (
				7D319E671DF9E5F2008F38A7 /* AC3.2-MidtermElements */,
				7D319E661DF9E5F2008F38A7 /* Products */,
			);
			sourceTree = "<group>";
		};
		7D319E661DF9E5F2008F38A7 /* Products */ = {
			isa = PBXGroup;
			children = (
				7D319E651DF9E5F2008F38A7 /* AC3.2-MidtermElements.app */,
			);
			name = Products;
			sourceTree = "<group>";
		};
		7D319E671DF9E5F2008F38A7 /* AC3.2-MidtermElements */ = {
			isa = PBXGroup;
			children = (
				7D319E7F1DF9E69B008F38A7 /* Model/Managers */,
				7D319E7B1DF9E640008F38A7 /* ViewControllers */,
				7D319E7A1DF9E63B008F38A7 /* UI */,
				7D319E7C1DF9E64A008F38A7 /* HelperData */,
			);
			path = "AC3.2-MidtermElements";
			sourceTree = "<group>";
		};
		7D319E7A1DF9E63B008F38A7 /* UI */ = {
			isa = PBXGroup;
			children = (
				7D319E6C1DF9E5F2008F38A7 /* Main.storyboard */,
				7D319E6F1DF9E5F2008F38A7 /* Assets.xcassets */,
			);
			name = UI;
			sourceTree = "<group>";
		};
		7D319E7B1DF9E640008F38A7 /* ViewControllers */ = {
			isa = PBXGroup;
			children = (
				7D319E7D1DF9E691008F38A7 /* ElementsTableViewController.swift */,
				7D319E6A1DF9E5F2008F38A7 /* ViewController.swift */,
			);
			name = ViewControllers;
			sourceTree = "<group>";
		};
		7D319E7C1DF9E64A008F38A7 /* HelperData */ = {
			isa = PBXGroup;
			children = (
				7D319E711DF9E5F2008F38A7 /* LaunchScreen.storyboard */,
				7D319E741DF9E5F2008F38A7 /* Info.plist */,
				7D319E681DF9E5F2008F38A7 /* AppDelegate.swift */,
			);
			name = HelperData;
			sourceTree = "<group>";
		};
		7D319E7F1DF9E69B008F38A7 /* Model/Managers */ = {
			isa = PBXGroup;
			children = (
				7D319E801DF9E785008F38A7 /* APIRequestManager.swift */,
				7D319E821DF9E78F008F38A7 /* Elements.swift */,
			);
			name = Model/Managers;
			sourceTree = "<group>";
		};
/* End PBXGroup section */

/* Begin PBXNativeTarget section */
		7D319E641DF9E5F2008F38A7 /* AC3.2-MidtermElements */ = {
			isa = PBXNativeTarget;
			buildConfigurationList = 7D319E771DF9E5F2008F38A7 /* Build configuration list for PBXNativeTarget "AC3.2-MidtermElements" */;
			buildPhases = (
				7D319E611DF9E5F2008F38A7 /* Sources */,
				7D319E621DF9E5F2008F38A7 /* Frameworks */,
				7D319E631DF9E5F2008F38A7 /* Resources */,
			);
			buildRules = (
			);
			dependencies = (
			);
			name = "AC3.2-MidtermElements";
			productName = "AC3.2-MidtermElements";
			productReference = 7D319E651DF9E5F2008F38A7 /* AC3.2-MidtermElements.app */;
			productType = "com.apple.product-type.application";
		};
/* End PBXNativeTarget section */

/* Begin PBXProject section */
		7D319E5D1DF9E5F1008F38A7 /* Project object */ = {
			isa = PBXProject;
			attributes = {
				LastSwiftUpdateCheck = 0800;
				LastUpgradeCheck = 0800;
				ORGANIZATIONNAME = Simone;
				TargetAttributes = {
					7D319E641DF9E5F2008F38A7 = {
						CreatedOnToolsVersion = 8.0;
						ProvisioningStyle = Automatic;
					};
				};
			};
			buildConfigurationList = 7D319E601DF9E5F2008F38A7 /* Build configuration list for PBXProject "AC3.2-MidtermElements" */;
			compatibilityVersion = "Xcode 3.2";
			developmentRegion = English;
			hasScannedForEncodings = 0;
			knownRegions = (
				en,
				Base,
			);
			mainGroup = 7D319E5C1DF9E5F1008F38A7;
			productRefGroup = 7D319E661DF9E5F2008F38A7 /* Products */;
			projectDirPath = "";
			projectRoot = "";
			targets = (
				7D319E641DF9E5F2008F38A7 /* AC3.2-MidtermElements */,
			);
		};
/* End PBXProject section */

/* Begin PBXResourcesBuildPhase section */
		7D319E631DF9E5F2008F38A7 /* Resources */ = {
			isa = PBXResourcesBuildPhase;
			buildActionMask = 2147483647;
			files = (
				7D319E731DF9E5F2008F38A7 /* LaunchScreen.storyboard in Resources */,
				7D319E701DF9E5F2008F38A7 /* Assets.xcassets in Resources */,
				7D319E6E1DF9E5F2008F38A7 /* Main.storyboard in Resources */,
			);
			runOnlyForDeploymentPostprocessing = 0;
		};
/* End PBXResourcesBuildPhase section */

/* Begin PBXSourcesBuildPhase section */
		7D319E611DF9E5F2008F38A7 /* Sources */ = {
			isa = PBXSourcesBuildPhase;
			buildActionMask = 2147483647;
			files = (
				7D319E811DF9E785008F38A7 /* APIRequestManager.swift in Sources */,
				7D319E7E1DF9E691008F38A7 /* ElementsTableViewController.swift in Sources */,
				7D319E6B1DF9E5F2008F38A7 /* ViewController.swift in Sources */,
				7D319E691DF9E5F2008F38A7 /* AppDelegate.swift in Sources */,
				7D319E831DF9E78F008F38A7 /* Elements.swift in Sources */,
			);
			runOnlyForDeploymentPostprocessing = 0;
		};
/* End PBXSourcesBuildPhase section */

/* Begin PBXVariantGroup section */
		7D319E6C1DF9E5F2008F38A7 /* Main.storyboard */ = {
			isa = PBXVariantGroup;
			children = (
				7D319E6D1DF9E5F2008F38A7 /* Base */,
			);
			name = Main.storyboard;
			sourceTree = "<group>";
		};
		7D319E711DF9E5F2008F38A7 /* LaunchScreen.storyboard */ = {
			isa = PBXVariantGroup;
			children = (
				7D319E721DF9E5F2008F38A7 /* Base */,
			);
			name = LaunchScreen.storyboard;
			sourceTree = "<group>";
		};
/* End PBXVariantGroup section */

/* Begin XCBuildConfiguration section */
		7D319E751DF9E5F2008F38A7 /* Debug */ = {
			isa = XCBuildConfiguration;
			buildSettings = {
				ALWAYS_SEARCH_USER_PATHS = NO;
				CLANG_ANALYZER_NONNULL = YES;
				CLANG_CXX_LANGUAGE_STANDARD = "gnu++0x";
				CLANG_CXX_LIBRARY = "libc++";
				CLANG_ENABLE_MODULES = YES;
				CLANG_ENABLE_OBJC_ARC = YES;
				CLANG_WARN_BOOL_CONVERSION = YES;
				CLANG_WARN_CONSTANT_CONVERSION = YES;
				CLANG_WARN_DIRECT_OBJC_ISA_USAGE = YES_ERROR;
				CLANG_WARN_DOCUMENTATION_COMMENTS = YES;
				CLANG_WARN_EMPTY_BODY = YES;
				CLANG_WARN_ENUM_CONVERSION = YES;
				CLANG_WARN_INFINITE_RECURSION = YES;
				CLANG_WARN_INT_CONVERSION = YES;
				CLANG_WARN_OBJC_ROOT_CLASS = YES_ERROR;
				CLANG_WARN_SUSPICIOUS_MOVES = YES;
				CLANG_WARN_UNREACHABLE_CODE = YES;
				CLANG_WARN__DUPLICATE_METHOD_MATCH = YES;
				"CODE_SIGN_IDENTITY[sdk=iphoneos*]" = "iPhone Developer";
				COPY_PHASE_STRIP = NO;
				DEBUG_INFORMATION_FORMAT = dwarf;
				ENABLE_STRICT_OBJC_MSGSEND = YES;
				ENABLE_TESTABILITY = YES;
				GCC_C_LANGUAGE_STANDARD = gnu99;
				GCC_DYNAMIC_NO_PIC = NO;
				GCC_NO_COMMON_BLOCKS = YES;
				GCC_OPTIMIZATION_LEVEL = 0;
				GCC_PREPROCESSOR_DEFINITIONS = (
					"DEBUG=1",
					"$(inherited)",
				);
				GCC_WARN_64_TO_32_BIT_CONVERSION = YES;
				GCC_WARN_ABOUT_RETURN_TYPE = YES_ERROR;
				GCC_WARN_UNDECLARED_SELECTOR = YES;
				GCC_WARN_UNINITIALIZED_AUTOS = YES_AGGRESSIVE;
				GCC_WARN_UNUSED_FUNCTION = YES;
				GCC_WARN_UNUSED_VARIABLE = YES;
				IPHONEOS_DEPLOYMENT_TARGET = 10.0;
				MTL_ENABLE_DEBUG_INFO = YES;
				ONLY_ACTIVE_ARCH = YES;
				SDKROOT = iphoneos;
				SWIFT_ACTIVE_COMPILATION_CONDITIONS = DEBUG;
				SWIFT_OPTIMIZATION_LEVEL = "-Onone";
				TARGETED_DEVICE_FAMILY = "1,2";
			};
			name = Debug;
		};
		7D319E761DF9E5F2008F38A7 /* Release */ = {
			isa = XCBuildConfiguration;
			buildSettings = {
				ALWAYS_SEARCH_USER_PATHS = NO;
				CLANG_ANALYZER_NONNULL = YES;
				CLANG_CXX_LANGUAGE_STANDARD = "gnu++0x";
				CLANG_CXX_LIBRARY = "libc++";
				CLANG_ENABLE_MODULES = YES;
				CLANG_ENABLE_OBJC_ARC = YES;
				CLANG_WARN_BOOL_CONVERSION = YES;
				CLANG_WARN_CONSTANT_CONVERSION = YES;
				CLANG_WARN_DIRECT_OBJC_ISA_USAGE = YES_ERROR;
				CLANG_WARN_DOCUMENTATION_COMMENTS = YES;
				CLANG_WARN_EMPTY_BODY = YES;
				CLANG_WARN_ENUM_CONVERSION = YES;
				CLANG_WARN_INFINITE_RECURSION = YES;
				CLANG_WARN_INT_CONVERSION = YES;
				CLANG_WARN_OBJC_ROOT_CLASS = YES_ERROR;
				CLANG_WARN_SUSPICIOUS_MOVES = YES;
				CLANG_WARN_UNREACHABLE_CODE = YES;
				CLANG_WARN__DUPLICATE_METHOD_MATCH = YES;
				"CODE_SIGN_IDENTITY[sdk=iphoneos*]" = "iPhone Developer";
				COPY_PHASE_STRIP = NO;
				DEBUG_INFORMATION_FORMAT = "dwarf-with-dsym";
				ENABLE_NS_ASSERTIONS = NO;
				ENABLE_STRICT_OBJC_MSGSEND = YES;
				GCC_C_LANGUAGE_STANDARD = gnu99;
				GCC_NO_COMMON_BLOCKS = YES;
				GCC_WARN_64_TO_32_BIT_CONVERSION = YES;
				GCC_WARN_ABOUT_RETURN_TYPE = YES_ERROR;
				GCC_WARN_UNDECLARED_SELECTOR = YES;
				GCC_WARN_UNINITIALIZED_AUTOS = YES_AGGRESSIVE;
				GCC_WARN_UNUSED_FUNCTION = YES;
				GCC_WARN_UNUSED_VARIABLE = YES;
				IPHONEOS_DEPLOYMENT_TARGET = 10.0;
				MTL_ENABLE_DEBUG_INFO = NO;
				SDKROOT = iphoneos;
				SWIFT_OPTIMIZATION_LEVEL = "-Owholemodule";
				TARGETED_DEVICE_FAMILY = "1,2";
				VALIDATE_PRODUCT = YES;
			};
			name = Release;
		};
		7D319E781DF9E5F2008F38A7 /* Debug */ = {
			isa = XCBuildConfiguration;
			buildSettings = {
				ASSETCATALOG_COMPILER_APPICON_NAME = AppIcon;
				INFOPLIST_FILE = "AC3.2-MidtermElements/Info.plist";
				LD_RUNPATH_SEARCH_PATHS = "$(inherited) @executable_path/Frameworks";
				PRODUCT_BUNDLE_IDENTIFIER = "sim.AC3-2-MidtermElements";
				PRODUCT_NAME = "$(TARGET_NAME)";
				SWIFT_VERSION = 3.0;
			};
			name = Debug;
		};
		7D319E791DF9E5F2008F38A7 /* Release */ = {
			isa = XCBuildConfiguration;
			buildSettings = {
				ASSETCATALOG_COMPILER_APPICON_NAME = AppIcon;
				INFOPLIST_FILE = "AC3.2-MidtermElements/Info.plist";
				LD_RUNPATH_SEARCH_PATHS = "$(inherited) @executable_path/Frameworks";
				PRODUCT_BUNDLE_IDENTIFIER = "sim.AC3-2-MidtermElements";
				PRODUCT_NAME = "$(TARGET_NAME)";
				SWIFT_VERSION = 3.0;
			};
			name = Release;
		};
/* End XCBuildConfiguration section */

/* Begin XCConfigurationList section */
		7D319E601DF9E5F2008F38A7 /* Build configuration list for PBXProject "AC3.2-MidtermElements" */ = {
			isa = XCConfigurationList;
			buildConfigurations = (
				7D319E751DF9E5F2008F38A7 /* Debug */,
				7D319E761DF9E5F2008F38A7 /* Release */,
			);
			defaultConfigurationIsVisible = 0;
			defaultConfigurationName = Release;
		};
		7D319E771DF9E5F2008F38A7 /* Build configuration list for PBXNativeTarget "AC3.2-MidtermElements" */ = {
			isa = XCConfigurationList;
			buildConfigurations = (
				7D319E781DF9E5F2008F38A7 /* Debug */,
				7D319E791DF9E5F2008F38A7 /* Release */,
			);
			defaultConfigurationIsVisible = 0;
			defaultConfigurationName = Release;
		};
/* End XCConfigurationList section */
	};
	rootObject = 7D319E5D1DF9E5F1008F38A7 /* Project object */;
}
